
Microsoft Visual Studio Solution File, Format Version 12.00
# Visual Studio Version 17
VisualStudioVersion = 17.6.33829.357
MinimumVisualStudioVersion = 10.0.40219.1
Project("{FAE04EC0-301F-11D3-BF4B-00C04F79EFBC}") = "CustomStringBuilderLinkedList", "CustomStringBuilderLinkedList.csproj", "{E2A4D0AC-CAF4-4A81-9947-18B5C34615A2}"
EndProject
Global
	GlobalSection(SolutionConfigurationPlatforms) = preSolution
		Debug|Any CPU = Debug|Any CPU
		Release|Any CPU = Release|Any CPU
	EndGlobalSection
	GlobalSection(ProjectConfigurationPlatforms) = postSolution
		{E2A4D0AC-CAF4-4A81-9947-18B5C34615A2}.Debug|Any CPU.ActiveCfg = Debug|Any CPU
		{E2A4D0AC-CAF4-4A81-9947-18B5C34615A2}.Debug|Any CPU.Build.0 = Debug|Any CPU
		{E2A4D0AC-CAF4-4A81-9947-18B5C34615A2}.Release|Any CPU.ActiveCfg = Release|Any CPU
		{E2A4D0AC-CAF4-4A81-9947-18B5C34615A2}.Release|Any CPU.Build.0 = Release|Any CPU
	EndGlobalSection
	GlobalSection(SolutionProperties) = preSolution
		HideSolutionNode = FALSE
	EndGlobalSection
	GlobalSection(ExtensibilityGlobals) = postSolution
		SolutionGuid = {22066015-7711-4015-B54A-9618AC8F6423}
	EndGlobalSection
EndGlobal
